// !$*UTF8*$!
{
	archiveVersion = 1;
	classes = {
	};
	objectVersion = 77;
	objects = {

/* Begin PBXBuildFile section */
		203A51633FA334C64EA1610A /* Foundation.framework in Frameworks */ = {isa = PBXBuildFile; fileRef = FA8E5A922E7CEAE2E67E0FB9 /* Foundation.framework */; };
		8F9D7561D13ABE73ADC84AF2 /* RestTimerWidget.appex in Embed Foundation Extensions */ = {isa = PBXBuildFile; fileRef = 3F869E7AED09FC565C74F2E1 /* RestTimerWidget.appex */; settings = {ATTRIBUTES = (RemoveHeadersOnCopy, ); }; };
		D86D16D82F9E41AF0047F0EF /* HolidayJp in Frameworks */ = {isa = PBXBuildFile; productRef = D86D16D72F9E41AF0047F0EF /* HolidayJp */; };
		D86D16DB2F9E42F20047F0EF /* Supabase in Frameworks */ = {isa = PBXBuildFile; productRef = D86D16DA2F9E42F20047F0EF /* Supabase */; };
/* End PBXBuildFile section */

/* Begin PBXContainerItemProxy section */
		0073C91AA92BB8213B0FAF21 /* PBXContainerItemProxy */ = {
			isa = PBXContainerItemProxy;
			containerPortal = D86D169F2F9E3F2F0047F0EF /* Project object */;
			proxyType = 1;
			remoteGlobalIDString = FD52F0AC57633BDB5C7618E7;
			remoteInfo = RestTimerWidget;
		};
		D86D16B52F9E3F300047F0EF /* PBXContainerItemProxy */ = {
			isa = PBXContainerItemProxy;
			containerPortal = D86D169F2F9E3F2F0047F0EF /* Project object */;
			proxyType = 1;
			remoteGlobalIDString = D86D16A62F9E3F2F0047F0EF;
			remoteInfo = LifeTracker;
		};
		D86D16BF2F9E3F300047F0EF /* PBXContainerItemProxy */ = {
			isa = PBXContainerItemProxy;
			containerPortal = D86D169F2F9E3F2F0047F0EF /* Project object */;
			proxyType = 1;
			remoteGlobalIDString = D86D16A62F9E3F2F0047F0EF;
			remoteInfo = LifeTracker;
		};
/* End PBXContainerItemProxy section */

/* Begin PBXCopyFilesBuildPhase section */
		995E14FE0C7E492584F98336 /* Embed Foundation Extensions */ = {
			isa = PBXCopyFilesBuildPhase;
			buildActionMask = 2147483647;
			dstPath = "";
			dstSubfolderSpec = 13;
			files = (
				8F9D7561D13ABE73ADC84AF2 /* RestTimerWidget.appex in Embed Foundation Extensions */,
			);
			name = "Embed Foundation Extensions";
			runOnlyForDeploymentPostprocessing = 0;
		};
/* End PBXCopyFilesBuildPhase section */

/* Begin PBXFileReference section */
		3F869E7AED09FC565C74F2E1 /* RestTimerWidget.appex */ = {isa = PBXFileReference; explicitFileType = "wrapper.app-extension"; includeInIndex = 0; path = RestTimerWidget.appex; sourceTree = BUILT_PRODUCTS_DIR; };
		D86D16A72F9E3F2F0047F0EF /* LifeTracker.app */ = {isa = PBXFileReference; explicitFileType = wrapper.application; includeInIndex = 0; path = LifeTracker.app; sourceTree = BUILT_PRODUCTS_DIR; };
		D86D16B42F9E3F300047F0EF /* LifeTrackerTests.xctest */ = {isa = PBXFileReference; explicitFileType = wrapper.cfbundle; includeInIndex = 0; path = LifeTrackerTests.xctest; sourceTree = BUILT_PRODUCTS_DIR; };
		D86D16BE2F9E3F300047F0EF /* LifeTrackerUITests.xctest */ = {isa = PBXFileReference; explicitFileType = wrapper.cfbundle; includeInIndex = 0; path = LifeTrackerUITests.xctest; sourceTree = BUILT_PRODUCTS_DIR; };
		D86D17022FA031FD0047F0EF /* LifeTracker.xcconfig */ = {isa = PBXFileReference; lastKnownFileType = text.xcconfig; path = LifeTracker.xcconfig; sourceTree = "<group>"; };
		FA8E5A922E7CEAE2E67E0FB9 /* Foundation.framework */ = {isa = PBXFileReference; lastKnownFileType = wrapper.framework; name = Foundation.framework; path = Platforms/iPhoneOS.platform/Developer/SDKs/iPhoneOS18.0.sdk/System/Library/Frameworks/Foundation.framework; sourceTree = DEVELOPER_DIR; };
/* End PBXFileReference section */

/* Begin PBXFileSystemSynchronizedRootGroup section */
		42881E2DDBD85A88A4694C52 /* Shared */ = {
			isa = PBXFileSystemSynchronizedRootGroup;
			exceptions = (
			);
			path = Shared;
			sourceTree = "<group>";
		};
		BABB0A5138C17A8D0A98C24B /* RestTimerWidget */ = {
			isa = PBXFileSystemSynchronizedRootGroup;
			exceptions = (
			);
			path = RestTimerWidget;
			sourceTree = "<group>";
		};
		D86D16A92F9E3F2F0047F0EF /* LifeTracker */ = {
			isa = PBXFileSystemSynchronizedRootGroup;
			exceptions = (
			);
			path = LifeTracker;
			sourceTree = "<group>";
		};
		D86D16B72F9E3F300047F0EF /* LifeTrackerTests */ = {
			isa = PBXFileSystemSynchronizedRootGroup;
			exceptions = (
			);
			path = LifeTrackerTests;
			sourceTree = "<group>";
		};
		D86D16C12F9E3F300047F0EF /* LifeTrackerUITests */ = {
			isa = PBXFileSystemSynchronizedRootGroup;
			exceptions = (
			);
			path = LifeTrackerUITests;
			sourceTree = "<group>";
		};
/* End PBXFileSystemSynchronizedRootGroup section */

/* Begin PBXFrameworksBuildPhase section */
		AC64B69EFA97AC0D82958CE1 /* Frameworks */ = {
			isa = PBXFrameworksBuildPhase;
			buildActionMask = 2147483647;
			files = (
				203A51633FA334C64EA1610A /* Foundation.framework in Frameworks */,
			);
			runOnlyForDeploymentPostprocessing = 0;
		};
		D86D16A42F9E3F2F0047F0EF /* Frameworks */ = {
			isa = PBXFrameworksBuildPhase;
			buildActionMask = 2147483647;
			files = (
				D86D16DB2F9E42F20047F0EF /* Supabase in Frameworks */,
				D86D16D82F9E41AF0047F0EF /* HolidayJp in Frameworks */,
			);
			runOnlyForDeploymentPostprocessing = 0;
		};
		D86D16B12F9E3F300047F0EF /* Frameworks */ = {
			isa = PBXFrameworksBuildPhase;
			buildActionMask = 2147483647;
			files = (
			);
			runOnlyForDeploymentPostprocessing = 0;
		};
		D86D16BB2F9E3F300047F0EF /* Frameworks */ = {
			isa = PBXFrameworksBuildPhase;
			buildActionMask = 2147483647;
			files = (
			);
			runOnlyForDeploymentPostprocessing = 0;
		};
/* End PBXFrameworksBuildPhase section */

/* Begin PBXGroup section */
		0855A8AFA65E503BD6482A98 /* iOS */ = {
			isa = PBXGroup;
			children = (
				FA8E5A922E7CEAE2E67E0FB9 /* Foundation.framework */,
			);
			name = iOS;
			sourceTree = "<group>";
		};
		A77A912955F035CBC5A2A804 /* Frameworks */ = {
			isa = PBXGroup;
			children = (
				0855A8AFA65E503BD6482A98 /* iOS */,
			);
			name = Frameworks;
			sourceTree = "<group>";
		};
		D86D169E2F9E3F2F0047F0EF = {
			isa = PBXGroup;
			children = (
				D86D16A92F9E3F2F0047F0EF /* LifeTracker */,
				D86D16B72F9E3F300047F0EF /* LifeTrackerTests */,
				D86D16C12F9E3F300047F0EF /* LifeTrackerUITests */,
				D86D16A82F9E3F2F0047F0EF /* Products */,
				D86D17022FA031FD0047F0EF /* LifeTracker.xcconfig */,
				A77A912955F035CBC5A2A804 /* Frameworks */,
				BABB0A5138C17A8D0A98C24B /* RestTimerWidget */,
				42881E2DDBD85A88A4694C52 /* Shared */,
			);
			sourceTree = "<group>";
		};
		D86D16A82F9E3F2F0047F0EF /* Products */ = {
			isa = PBXGroup;
			children = (
				D86D16A72F9E3F2F0047F0EF /* LifeTracker.app */,
				D86D16B42F9E3F300047F0EF /* LifeTrackerTests.xctest */,
				D86D16BE2F9E3F300047F0EF /* LifeTrackerUITests.xctest */,
				3F869E7AED09FC565C74F2E1 /* RestTimerWidget.appex */,
			);
			name = Products;
			sourceTree = "<group>";
		};
/* End PBXGroup section */

/* Begin PBXNativeTarget section */
		D86D16A62F9E3F2F0047F0EF /* LifeTracker */ = {
			isa = PBXNativeTarget;
			buildConfigurationList = D86D16C82F9E3F300047F0EF /* Build configuration list for PBXNativeTarget "LifeTracker" */;
			buildPhases = (
				D86D16A32F9E3F2F0047F0EF /* Sources */,
				D86D16A42F9E3F2F0047F0EF /* Frameworks */,
				D86D16A52F9E3F2F0047F0EF /* Resources */,
				995E14FE0C7E492584F98336 /* Embed Foundation Extensions */,
			);
			buildRules = (
			);
			dependencies = (
				A4FB2B03D569A23FA628BC6C /* PBXTargetDependency */,
			);
			fileSystemSynchronizedGroups = (
				D86D16A92F9E3F2F0047F0EF /* LifeTracker */,
				42881E2DDBD85A88A4694C52 /* Shared */,
			);
			name = LifeTracker;
			packageProductDependencies = (
				D86D16D72F9E41AF0047F0EF /* HolidayJp */,
				D86D16DA2F9E42F20047F0EF /* Supabase */,
			);
			productName = LifeTracker;
			productReference = D86D16A72F9E3F2F0047F0EF /* LifeTracker.app */;
			productType = "com.apple.product-type.application";
		};
		D86D16B32F9E3F300047F0EF /* LifeTrackerTests */ = {
			isa = PBXNativeTarget;
			buildConfigurationList = D86D16CB2F9E3F300047F0EF /* Build configuration list for PBXNativeTarget "LifeTrackerTests" */;
			buildPhases = (
				D86D16B02F9E3F300047F0EF /* Sources */,
				D86D16B12F9E3F300047F0EF /* Frameworks */,
				D86D16B22F9E3F300047F0EF /* Resources */,
			);
			buildRules = (
			);
			dependencies = (
				D86D16B62F9E3F300047F0EF /* PBXTargetDependency */,
			);
			fileSystemSynchronizedGroups = (
				D86D16B72F9E3F300047F0EF /* LifeTrackerTests */,
			);
			name = LifeTrackerTests;
			productName = LifeTrackerTests;
			productReference = D86D16B42F9E3F300047F0EF /* LifeTrackerTests.xctest */;
			productType = "com.apple.product-type.bundle.unit-test";
		};
		D86D16BD2F9E3F300047F0EF /* LifeTrackerUITests */ = {
			isa = PBXNativeTarget;
			buildConfigurationList = D86D16CE2F9E3F300047F0EF /* Build configuration list for PBXNativeTarget "LifeTrackerUITests" */;
			buildPhases = (
				D86D16BA2F9E3F300047F0EF /* Sources */,
				D86D16BB2F9E3F300047F0EF /* Frameworks */,
				D86D16BC2F9E3F300047F0EF /* Resources */,
			);
			buildRules = (
			);
			dependencies = (
				D86D16C02F9E3F300047F0EF /* PBXTargetDependency */,
			);
			fileSystemSynchronizedGroups = (
				D86D16C12F9E3F300047F0EF /* LifeTrackerUITests */,
			);
			name = LifeTrackerUITests;
			productName = LifeTrackerUITests;
			productReference = D86D16BE2F9E3F300047F0EF /* LifeTrackerUITests.xctest */;
			productType = "com.apple.product-type.bundle.ui-testing";
		};
		FD52F0AC57633BDB5C7618E7 /* RestTimerWidget */ = {
			isa = PBXNativeTarget;
			buildConfigurationList = AD11B7A83659B35967458F57 /* Build configuration list for PBXNativeTarget "RestTimerWidget" */;
			buildPhases = (
				76FC44A1FD85BE4491F28835 /* Sources */,
				AC64B69EFA97AC0D82958CE1 /* Frameworks */,
				D203E72BA80B7E236A07047B /* Resources */,
			);
			buildRules = (
			);
			dependencies = (
			);
			fileSystemSynchronizedGroups = (
				BABB0A5138C17A8D0A98C24B /* RestTimerWidget */,
				42881E2DDBD85A88A4694C52 /* Shared */,
			);
			name = RestTimerWidget;
			productName = RestTimerWidget;
			productReference = 3F869E7AED09FC565C74F2E1 /* RestTimerWidget.appex */;
			productType = "com.apple.product-type.app-extension";
		};
/* End PBXNativeTarget section */

/* Begin PBXProject section */
		D86D169F2F9E3F2F0047F0EF /* Project object */ = {
			isa = PBXProject;
			attributes = {
				BuildIndependentTargetsInParallel = 1;
				LastSwiftUpdateCheck = 2630;
				LastUpgradeCheck = 2630;
				TargetAttributes = {
					D86D16A62F9E3F2F0047F0EF = {
						CreatedOnToolsVersion = 26.3;
					};
					D86D16B32F9E3F300047F0EF = {
						CreatedOnToolsVersion = 26.3;
						TestTargetID = D86D16A62F9E3F2F0047F0EF;
					};
					D86D16BD2F9E3F300047F0EF = {
						CreatedOnToolsVersion = 26.3;
						TestTargetID = D86D16A62F9E3F2F0047F0EF;
					};
				};
			};
			buildConfigurationList = D86D16A22F9E3F2F0047F0EF /* Build configuration list for PBXProject "LifeTracker" */;
			developmentRegion = ja;
			hasScannedForEncodings = 0;
			knownRegions = (
				en,
				ja,
				Base,
			);
			mainGroup = D86D169E2F9E3F2F0047F0EF;
			minimizedProjectReferenceProxies = 1;
			packageReferences = (
				D86D16D62F9E41AF0047F0EF /* XCRemoteSwiftPackageReference "holiday_jp-swift" */,
				D86D16D92F9E42F20047F0EF /* XCRemoteSwiftPackageReference "supabase-swift" */,
			);
			preferredProjectObjectVersion = 77;
			productRefGroup = D86D16A82F9E3F2F0047F0EF /* Products */;
			projectDirPath = "";
			projectRoot = "";
			targets = (
				D86D16A62F9E3F2F0047F0EF /* LifeTracker */,
				D86D16B32F9E3F300047F0EF /* LifeTrackerTests */,
				D86D16BD2F9E3F300047F0EF /* LifeTrackerUITests */,
				FD52F0AC57633BDB5C7618E7 /* RestTimerWidget */,
			);
		};
/* End PBXProject section */

/* Begin PBXResourcesBuildPhase section */
		D203E72BA80B7E236A07047B /* Resources */ = {
			isa = PBXResourcesBuildPhase;
			buildActionMask = 2147483647;
			files = (
			);
			runOnlyForDeploymentPostprocessing = 0;
		};
		D86D16A52F9E3F2F0047F0EF /* Resources */ = {
			isa = PBXResourcesBuildPhase;
			buildActionMask = 2147483647;
			files = (
			);
			runOnlyForDeploymentPostprocessing = 0;
		};
		D86D16B22F9E3F300047F0EF /* Resources */ = {
			isa = PBXResourcesBuildPhase;
			buildActionMask = 2147483647;
			files = (
			);
			runOnlyForDeploymentPostprocessing = 0;
		};
		D86D16BC2F9E3F300047F0EF /* Resources */ = {
			isa = PBXResourcesBuildPhase;
			buildActionMask = 2147483647;
			files = (
			);
			runOnlyForDeploymentPostprocessing = 0;
		};
/* End PBXResourcesBuildPhase section */

/* Begin PBXSourcesBuildPhase section */
		76FC44A1FD85BE4491F28835 /* Sources */ = {
			isa = PBXSourcesBuildPhase;
			buildActionMask = 2147483647;
			files = (
			);
			runOnlyForDeploymentPostprocessing = 0;
		};
		D86D16A32F9E3F2F0047F0EF /* Sources */ = {
			isa = PBXSourcesBuildPhase;
			buildActionMask = 2147483647;
			files = (
			);
			runOnlyForDeploymentPostprocessing = 0;
		};
		D86D16B02F9E3F300047F0EF /* Sources */ = {
			isa = PBXSourcesBuildPhase;
			buildActionMask = 2147483647;
			files = (
			);
			runOnlyForDeploymentPostprocessing = 0;
		};
		D86D16BA2F9E3F300047F0EF /* Sources */ = {
			isa = PBXSourcesBuildPhase;
			buildActionMask = 2147483647;
			files = (
			);
			runOnlyForDeploymentPostprocessing = 0;
		};
/* End PBXSourcesBuildPhase section */

/* Begin PBXTargetDependency section */
		A4FB2B03D569A23FA628BC6C /* PBXTargetDependency */ = {
			isa = PBXTargetDependency;
			name = RestTimerWidget;
			target = FD52F0AC57633BDB5C7618E7 /* RestTimerWidget */;
			targetProxy = 0073C91AA92BB8213B0FAF21 /* PBXContainerItemProxy */;
		};
		D86D16B62F9E3F300047F0EF /* PBXTargetDependency */ = {
			isa = PBXTargetDependency;
			target = D86D16A62F9E3F2F0047F0EF /* LifeTracker */;
			targetProxy = D86D16B52F9E3F300047F0EF /* PBXContainerItemProxy */;
		};
		D86D16C02F9E3F300047F0EF /* PBXTargetDependency */ = {
			isa = PBXTargetDependency;
			target = D86D16A62F9E3F2F0047F0EF /* LifeTracker */;
			targetProxy = D86D16BF2F9E3F300047F0EF /* PBXContainerItemProxy */;
		};
/* End PBXTargetDependency section */

/* Begin XCBuildConfiguration section */
		406250F5467868CB64500239 /* Release */ = {
			isa = XCBuildConfiguration;
			buildSettings = {
				ASSETCATALOG_COMPILER_GLOBAL_ACCENT_COLOR_NAME = AccentColor;
				CLANG_ENABLE_OBJC_WEAK = NO;
				CODE_SIGN_ENTITLEMENTS = RestTimerWidget.entitlements;
				CODE_SIGN_STYLE = Automatic;
				CURRENT_PROJECT_VERSION = 1;
				DEVELOPMENT_TEAM = MJJ4SS968R;
				GENERATE_INFOPLIST_FILE = NO;
				INFOPLIST_FILE = "RestTimerWidget-Info.plist";
				IPHONEOS_DEPLOYMENT_TARGET = 26.2;
				LD_RUNPATH_SEARCH_PATHS = (
					"$(inherited)",
					"@executable_path/Frameworks",
					"@executable_path/../../Frameworks",
				);
				MARKETING_VERSION = 1.0;
				PRODUCT_BUNDLE_IDENTIFIER = com.ryunosuke.LifeTracker.RestTimerWidget;
				PRODUCT_NAME = "$(TARGET_NAME)";
				SDKROOT = iphoneos;
				SKIP_INSTALL = YES;
				SWIFT_EMIT_LOC_STRINGS = YES;
				SWIFT_VERSION = 5.0;
				TARGETED_DEVICE_FAMILY = "1,2";
				VALIDATE_PRODUCT = YES;
			};
			name = Release;
		};
		5446535841A37CE152ED27FD /* Debug */ = {
			isa = XCBuildConfiguration;
			buildSettings = {
				ASSETCATALOG_COMPILER_GLOBAL_ACCENT_COLOR_NAME = AccentColor;
				CLANG_ENABLE_OBJC_WEAK = NO;
				CODE_SIGN_ENTITLEMENTS = RestTimerWidget.entitlements;
				CODE_SIGN_STYLE = Automatic;
				CURRENT_PROJECT_VERSION = 1;
				DEVELOPMENT_TEAM = MJJ4SS968R;
				GENERATE_INFOPLIST_FILE = NO;
				INFOPLIST_FILE = "RestTimerWidget-Info.plist";
				IPHONEOS_DEPLOYMENT_TARGET = 26.2;
				LD_RUNPATH_SEARCH_PATHS = (
					"$(inherited)",
					"@executable_path/Frameworks",
					"@executable_path/../../Frameworks",
				);
				MARKETING_VERSION = 1.0;
				PRODUCT_BUNDLE_IDENTIFIER = com.ryunosuke.LifeTracker.RestTimerWidget;
				PRODUCT_NAME = "$(TARGET_NAME)";
				SDKROOT = iphoneos;
				SKIP_INSTALL = YES;
				SWIFT_EMIT_LOC_STRINGS = YES;
				SWIFT_VERSION = 5.0;
				TARGETED_DEVICE_FAMILY = "1,2";
			};
			name = Debug;
		};
		D86D16C62F9E3F300047F0EF /* Debug */ = {
			isa = XCBuildConfiguration;
			baseConfigurationReference = D86D17022FA031FD0047F0EF /* LifeTracker.xcconfig */;
			buildSettings = {
				ALWAYS_SEARCH_USER_PATHS = NO;
				ASSETCATALOG_COMPILER_GENERATE_SWIFT_ASSET_SYMBOL_EXTENSIONS = YES;
				CLANG_ANALYZER_NONNULL = YES;
				CLANG_ANALYZER_NUMBER_OBJECT_CONVERSION = YES_AGGRESSIVE;
				CLANG_CXX_LANGUAGE_STANDARD = "gnu++20";
				CLANG_ENABLE_MODULES = YES;
				CLANG_ENABLE_OBJC_ARC = YES;
				CLANG_ENABLE_OBJC_WEAK = YES;
				CLANG_WARN_BLOCK_CAPTURE_AUTORELEASING = YES;
				CLANG_WARN_BOOL_CONVERSION = YES;
				CLANG_WARN_COMMA = YES;
				CLANG_WARN_CONSTANT_CONVERSION = YES;
				CLANG_WARN_DEPRECATED_OBJC_IMPLEMENTATIONS = YES;
				CLANG_WARN_DIRECT_OBJC_ISA_USAGE = YES_ERROR;
				CLANG_WARN_DOCUMENTATION_COMMENTS = YES;
				CLANG_WARN_EMPTY_BODY = YES;
				CLANG_WARN_ENUM_CONVERSION = YES;
				CLANG_WARN_INFINITE_RECURSION = YES;
				CLANG_WARN_INT_CONVERSION = YES;
				CLANG_WARN_NON_LITERAL_NULL_CONVERSION = YES;
				CLANG_WARN_OBJC_IMPLICIT_RETAIN_SELF = YES;
				CLANG_WARN_OBJC_LITERAL_CONVERSION = YES;
				CLANG_WARN_OBJC_ROOT_CLASS = YES_ERROR;
				CLANG_WARN_QUOTED_INCLUDE_IN_FRAMEWORK_HEADER = YES;
				CLANG_WARN_RANGE_LOOP_ANALYSIS = YES;
				CLANG_WARN_STRICT_PROTOTYPES = YES;
				CLANG_WARN_SUSPICIOUS_MOVE = YES;
				CLANG_WARN_UNGUARDED_AVAILABILITY = YES_AGGRESSIVE;
				CLANG_WARN_UNREACHABLE_CODE = YES;
				CLANG_WARN__DUPLICATE_METHOD_MATCH = YES;
				COPY_PHASE_STRIP = NO;
				DEBUG_INFORMATION_FORMAT = dwarf;
				DEVELOPMENT_TEAM = MJJ4SS968R;
				ENABLE_STRICT_OBJC_MSGSEND = YES;
				ENABLE_TESTABILITY = YES;
				ENABLE_USER_SCRIPT_SANDBOXING = YES;
				GCC_C_LANGUAGE_STANDARD = gnu17;
				GCC_DYNAMIC_NO_PIC = NO;
				GCC_NO_COMMON_BLOCKS = YES;
				GCC_OPTIMIZATION_LEVEL = 0;
				GCC_PREPROCESSOR_DEFINITIONS = (
					"DEBUG=1",
					"$(inherited)",
				);
				GCC_WARN_64_TO_32_BIT_CONVERSION = YES;
				GCC_WARN_ABOUT_RETURN_TYPE = YES_ERROR;
				GCC_WARN_UNDECLARED_SELECTOR = YES;
				GCC_WARN_UNINITIALIZED_AUTOS = YES_AGGRESSIVE;
				GCC_WARN_UNUSED_FUNCTION = YES;
				GCC_WARN_UNUSED_VARIABLE = YES;
				IPHONEOS_DEPLOYMENT_TARGET = 26.2;
				LOCALIZATION_PREFERS_STRING_CATALOGS = YES;
				MTL_ENABLE_DEBUG_INFO = INCLUDE_SOURCE;
				MTL_FAST_MATH = YES;
				ONLY_ACTIVE_ARCH = YES;
				SDKROOT = iphoneos;
				SWIFT_ACTIVE_COMPILATION_CONDITIONS = "DEBUG $(inherited)";
				SWIFT_OPTIMIZATION_LEVEL = "-Onone";
			};
			name = Debug;
		};
		D86D16C72F9E3F300047F0EF /* Release */ = {
			isa = XCBuildConfiguration;
			baseConfigurationReference = D86D17022FA031FD0047F0EF /* LifeTracker.xcconfig */;
			buildSettings = {
				ALWAYS_SEARCH_USER_PATHS = NO;
				ASSETCATALOG_COMPILER_GENERATE_SWIFT_ASSET_SYMBOL_EXTENSIONS = YES;
				CLANG_ANALYZER_NONNULL = YES;
				CLANG_ANALYZER_NUMBER_OBJECT_CONVERSION = YES_AGGRESSIVE;
				CLANG_CXX_LANGUAGE_STANDARD = "gnu++20";
				CLANG_ENABLE_MODULES = YES;
				CLANG_ENABLE_OBJC_ARC = YES;
				CLANG_ENABLE_OBJC_WEAK = YES;
				CLANG_WARN_BLOCK_CAPTURE_AUTORELEASING = YES;
				CLANG_WARN_BOOL_CONVERSION = YES;
				CLANG_WARN_COMMA = YES;
				CLANG_WARN_CONSTANT_CONVERSION = YES;
				CLANG_WARN_DEPRECATED_OBJC_IMPLEMENTATIONS = YES;
				CLANG_WARN_DIRECT_OBJC_ISA_USAGE = YES_ERROR;
				CLANG_WARN_DOCUMENTATION_COMMENTS = YES;
				CLANG_WARN_EMPTY_BODY = YES;
				CLANG_WARN_ENUM_CONVERSION = YES;
				CLANG_WARN_INFINITE_RECURSION = YES;
				CLANG_WARN_INT_CONVERSION = YES;
				CLANG_WARN_NON_LITERAL_NULL_CONVERSION = YES;
				CLANG_WARN_OBJC_IMPLICIT_RETAIN_SELF = YES;
				CLANG_WARN_OBJC_LITERAL_CONVERSION = YES;
				CLANG_WARN_OBJC_ROOT_CLASS = YES_ERROR;
				CLANG_WARN_QUOTED_INCLUDE_IN_FRAMEWORK_HEADER = YES;
				CLANG_WARN_RANGE_LOOP_ANALYSIS = YES;
				CLANG_WARN_STRICT_PROTOTYPES = YES;
				CLANG_WARN_SUSPICIOUS_MOVE = YES;
				CLANG_WARN_UNGUARDED_AVAILABILITY = YES_AGGRESSIVE;
				CLANG_WARN_UNREACHABLE_CODE = YES;
				CLANG_WARN__DUPLICATE_METHOD_MATCH = YES;
				COPY_PHASE_STRIP = NO;
				DEBUG_INFORMATION_FORMAT = "dwarf-with-dsym";
				DEVELOPMENT_TEAM = MJJ4SS968R;
				ENABLE_NS_ASSERTIONS = NO;
				ENABLE_STRICT_OBJC_MSGSEND = YES;
				ENABLE_USER_SCRIPT_SANDBOXING = YES;
				GCC_C_LANGUAGE_STANDARD = gnu17;
				GCC_NO_COMMON_BLOCKS = YES;
				GCC_WARN_64_TO_32_BIT_CONVERSION = YES;
				GCC_WARN_ABOUT_RETURN_TYPE = YES_ERROR;
				GCC_WARN_UNDECLARED_SELECTOR = YES;
				GCC_WARN_UNINITIALIZED_AUTOS = YES_AGGRESSIVE;
				GCC_WARN_UNUSED_FUNCTION = YES;
				GCC_WARN_UNUSED_VARIABLE = YES;
				IPHONEOS_DEPLOYMENT_TARGET = 26.2;
				LOCALIZATION_PREFERS_STRING_CATALOGS = YES;
				MTL_ENABLE_DEBUG_INFO = NO;
				MTL_FAST_MATH = YES;
				SDKROOT = iphoneos;
				SWIFT_COMPILATION_MODE = wholemodule;
				VALIDATE_PRODUCT = YES;
			};
			name = Release;
		};
		D86D16C92F9E3F300047F0EF /* Debug */ = {
			isa = XCBuildConfiguration;
			buildSettings = {
				ASSETCATALOG_COMPILER_APPICON_NAME = AppIcon;
				ASSETCATALOG_COMPILER_GLOBAL_ACCENT_COLOR_NAME = AccentColor;
				CODE_SIGN_ENTITLEMENTS = LifeTracker/LifeTracker.entitlements;
				CODE_SIGN_STYLE = Automatic;
				CURRENT_PROJECT_VERSION = 1;
				DEVELOPMENT_TEAM = MJJ4SS968R;
				ENABLE_PREVIEWS = YES;
				GENERATE_INFOPLIST_FILE = NO;
				INFOPLIST_FILE = Info.plist;
				LD_RUNPATH_SEARCH_PATHS = (
					"$(inherited)",
					"@executable_path/Frameworks",
				);
				MARKETING_VERSION = 1.0;
				PRODUCT_BUNDLE_IDENTIFIER = com.ryunosuke.LifeTracker;
				PRODUCT_NAME = "$(TARGET_NAME)";
				STRING_CATALOG_GENERATE_SYMBOLS = YES;
				SWIFT_APPROACHABLE_CONCURRENCY = YES;
				SWIFT_DEFAULT_ACTOR_ISOLATION = MainActor;
				SWIFT_EMIT_LOC_STRINGS = YES;
				SWIFT_UPCOMING_FEATURE_MEMBER_IMPORT_VISIBILITY = YES;
				SWIFT_VERSION = 5.0;
				TARGETED_DEVICE_FAMILY = "1,2";
			};
			name = Debug;
		};
		D86D16CA2F9E3F300047F0EF /* Release */ = {
			isa = XCBuildConfiguration;
			buildSettings = {
				ASSETCATALOG_COMPILER_APPICON_NAME = AppIcon;
				ASSETCATALOG_COMPILER_GLOBAL_ACCENT_COLOR_NAME = AccentColor;
				CODE_SIGN_ENTITLEMENTS = LifeTracker/LifeTracker.entitlements;
				CODE_SIGN_STYLE = Automatic;
				CURRENT_PROJECT_VERSION = 1;
				DEVELOPMENT_TEAM = MJJ4SS968R;
				ENABLE_PREVIEWS = YES;
				GENERATE_INFOPLIST_FILE = NO;
				INFOPLIST_FILE = Info.plist;
				LD_RUNPATH_SEARCH_PATHS = (
					"$(inherited)",
					"@executable_path/Frameworks",
				);
				MARKETING_VERSION = 1.0;
				PRODUCT_BUNDLE_IDENTIFIER = com.ryunosuke.LifeTracker;
				PRODUCT_NAME = "$(TARGET_NAME)";
				STRING_CATALOG_GENERATE_SYMBOLS = YES;
				SWIFT_APPROACHABLE_CONCURRENCY = YES;
				SWIFT_DEFAULT_ACTOR_ISOLATION = MainActor;
				SWIFT_EMIT_LOC_STRINGS = YES;
				SWIFT_UPCOMING_FEATURE_MEMBER_IMPORT_VISIBILITY = YES;
				SWIFT_VERSION = 5.0;
				TARGETED_DEVICE_FAMILY = "1,2";
			};
			name = Release;
		};
		D86D16CC2F9E3F300047F0EF /* Debug */ = {
			isa = XCBuildConfiguration;
			buildSettings = {
				BUNDLE_LOADER = "$(TEST_HOST)";
				CODE_SIGN_STYLE = Automatic;
				CURRENT_PROJECT_VERSION = 1;
				DEVELOPMENT_TEAM = MJJ4SS968R;
				GENERATE_INFOPLIST_FILE = YES;
				IPHONEOS_DEPLOYMENT_TARGET = 26.2;
				MARKETING_VERSION = 1.0;
				PRODUCT_BUNDLE_IDENTIFIER = com.ryunosuke.LifeTrackerTests;
				PRODUCT_NAME = "$(TARGET_NAME)";
				STRING_CATALOG_GENERATE_SYMBOLS = NO;
				SWIFT_APPROACHABLE_CONCURRENCY = YES;
				SWIFT_EMIT_LOC_STRINGS = NO;
				SWIFT_UPCOMING_FEATURE_MEMBER_IMPORT_VISIBILITY = YES;
				SWIFT_VERSION = 5.0;
				TARGETED_DEVICE_FAMILY = "1,2";
				TEST_HOST = "$(BUILT_PRODUCTS_DIR)/LifeTracker.app/$(BUNDLE_EXECUTABLE_FOLDER_PATH)/LifeTracker";
			};
			name = Debug;
		};
		D86D16CD2F9E3F300047F0EF /* Release */ = {
			isa = XCBuildConfiguration;
			buildSettings = {
				BUNDLE_LOADER = "$(TEST_HOST)";
				CODE_SIGN_STYLE = Automatic;
				CURRENT_PROJECT_VERSION = 1;
				DEVELOPMENT_TEAM = MJJ4SS968R;
				GENERATE_INFOPLIST_FILE = YES;
				IPHONEOS_DEPLOYMENT_TARGET = 26.2;
				MARKETING_VERSION = 1.0;
				PRODUCT_BUNDLE_IDENTIFIER = com.ryunosuke.LifeTrackerTests;
				PRODUCT_NAME = "$(TARGET_NAME)";
				STRING_CATALOG_GENERATE_SYMBOLS = NO;
				SWIFT_APPROACHABLE_CONCURRENCY = YES;
				SWIFT_EMIT_LOC_STRINGS = NO;
				SWIFT_UPCOMING_FEATURE_MEMBER_IMPORT_VISIBILITY = YES;
				SWIFT_VERSION = 5.0;
				TARGETED_DEVICE_FAMILY = "1,2";
				TEST_HOST = "$(BUILT_PRODUCTS_DIR)/LifeTracker.app/$(BUNDLE_EXECUTABLE_FOLDER_PATH)/LifeTracker";
			};
			name = Release;
		};
		D86D16CF2F9E3F300047F0EF /* Debug */ = {
			isa = XCBuildConfiguration;
			buildSettings = {
				CODE_SIGN_STYLE = Automatic;
				CURRENT_PROJECT_VERSION = 1;
				DEVELOPMENT_TEAM = MJJ4SS968R;
				GENERATE_INFOPLIST_FILE = YES;
				MARKETING_VERSION = 1.0;
				PRODUCT_BUNDLE_IDENTIFIER = com.ryunosuke.LifeTrackerUITests;
				PRODUCT_NAME = "$(TARGET_NAME)";
				STRING_CATALOG_GENERATE_SYMBOLS = NO;
				SWIFT_APPROACHABLE_CONCURRENCY = YES;
				SWIFT_EMIT_LOC_STRINGS = NO;
				SWIFT_UPCOMING_FEATURE_MEMBER_IMPORT_VISIBILITY = YES;
				SWIFT_VERSION = 5.0;
				TARGETED_DEVICE_FAMILY = "1,2";
				TEST_TARGET_NAME = LifeTracker;
			};
			name = Debug;
		};
		D86D16D02F9E3F300047F0EF /* Release */ = {
			isa = XCBuildConfiguration;
			buildSettings = {
				CODE_SIGN_STYLE = Automatic;
				CURRENT_PROJECT_VERSION = 1;
				DEVELOPMENT_TEAM = MJJ4SS968R;
				GENERATE_INFOPLIST_FILE = YES;
				MARKETING_VERSION = 1.0;
				PRODUCT_BUNDLE_IDENTIFIER = com.ryunosuke.LifeTrackerUITests;
				PRODUCT_NAME = "$(TARGET_NAME)";
				STRING_CATALOG_GENERATE_SYMBOLS = NO;
				SWIFT_APPROACHABLE_CONCURRENCY = YES;
				SWIFT_EMIT_LOC_STRINGS = NO;
				SWIFT_UPCOMING_FEATURE_MEMBER_IMPORT_VISIBILITY = YES;
				SWIFT_VERSION = 5.0;
				TARGETED_DEVICE_FAMILY = "1,2";
				TEST_TARGET_NAME = LifeTracker;
			};
			name = Release;
		};
/* End XCBuildConfiguration section */

/* Begin XCConfigurationList section */
		AD11B7A83659B35967458F57 /* Build configuration list for PBXNativeTarget "RestTimerWidget" */ = {
			isa = XCConfigurationList;
			buildConfigurations = (
				406250F5467868CB64500239 /* Release */,
				5446535841A37CE152ED27FD /* Debug */,
			);
			defaultConfigurationIsVisible = 0;
			defaultConfigurationName = Release;
		};
		D86D16A22F9E3F2F0047F0EF /* Build configuration list for PBXProject "LifeTracker" */ = {
			isa = XCConfigurationList;
			buildConfigurations = (
				D86D16C62F9E3F300047F0EF /* Debug */,
				D86D16C72F9E3F300047F0EF /* Release */,
			);
			defaultConfigurationIsVisible = 0;
			defaultConfigurationName = Release;
		};
		D86D16C82F9E3F300047F0EF /* Build configuration list for PBXNativeTarget "LifeTracker" */ = {
			isa = XCConfigurationList;
			buildConfigurations = (
				D86D16C92F9E3F300047F0EF /* Debug */,
				D86D16CA2F9E3F300047F0EF /* Release */,
			);
			defaultConfigurationIsVisible = 0;
			defaultConfigurationName = Release;
		};
		D86D16CB2F9E3F300047F0EF /* Build configuration list for PBXNativeTarget "LifeTrackerTests" */ = {
			isa = XCConfigurationList;
			buildConfigurations = (
				D86D16CC2F9E3F300047F0EF /* Debug */,
				D86D16CD2F9E3F300047F0EF /* Release */,
			);
			defaultConfigurationIsVisible = 0;
			defaultConfigurationName = Release;
		};
		D86D16CE2F9E3F300047F0EF /* Build configuration list for PBXNativeTarget "LifeTrackerUITests" */ = {
			isa = XCConfigurationList;
			buildConfigurations = (
				D86D16CF2F9E3F300047F0EF /* Debug */,
				D86D16D02F9E3F300047F0EF /* Release */,
			);
			defaultConfigurationIsVisible = 0;
			defaultConfigurationName = Release;
		};
/* End XCConfigurationList section */

/* Begin XCRemoteSwiftPackageReference section */
		D86D16D62F9E41AF0047F0EF /* XCRemoteSwiftPackageReference "holiday_jp-swift" */ = {
			isa = XCRemoteSwiftPackageReference;
			repositoryURL = "https://github.com/holiday-jp/holiday_jp-swift";
			requirement = {
				kind = upToNextMajorVersion;
				minimumVersion = 1.0.0;
			};
		};
		D86D16D92F9E42F20047F0EF /* XCRemoteSwiftPackageReference "supabase-swift" */ = {
			isa = XCRemoteSwiftPackageReference;
			repositoryURL = "https://github.com/supabase/supabase-swift";
			requirement = {
				kind = upToNextMajorVersion;
				minimumVersion = 2.5.1;
			};
		};
/* End XCRemoteSwiftPackageReference section */

/* Begin XCSwiftPackageProductDependency section */
		D86D16D72F9E41AF0047F0EF /* HolidayJp */ = {
			isa = XCSwiftPackageProductDependency;
			package = D86D16D62F9E41AF0047F0EF /* XCRemoteSwiftPackageReference "holiday_jp-swift" */;
			productName = HolidayJp;
		};
		D86D16DA2F9E42F20047F0EF /* Supabase */ = {
			isa = XCSwiftPackageProductDependency;
			package = D86D16D92F9E42F20047F0EF /* XCRemoteSwiftPackageReference "supabase-swift" */;
			productName = Supabase;
		};
/* End XCSwiftPackageProductDependency section */
	};
	rootObject = D86D169F2F9E3F2F0047F0EF /* Project object */;
}
